Microsoft Visual Studio Solution File, Format Version 12.00
# Visual Studio Version 17
VisualStudioVersion = 17.5.2.0
MinimumVisualStudioVersion = 10.0.40219.1
Project("{FAE04EC0-301F-11D3-BF4B-00C04F79EFBC}") = "Giwu.HRMS.Hybrid", "Giwu.HRMS.Hybrid.csproj", "{AF044294-C92D-0A60-234B-D1B24676ABEA}"
EndProject
Global
	GlobalSection(SolutionConfigurationPlatforms) = preSolution
		Debug|Any CPU = Debug|Any CPU
		Release|Any CPU = Release|Any CPU
	EndGlobalSection
	GlobalSection(ProjectConfigurationPlatforms) = postSolution
		{AF044294-C92D-0A60-234B-D1B24676ABEA}.Debug|Any CPU.ActiveCfg = Debug|Any CPU
		{AF044294-C92D-0A60-234B-D1B24676ABEA}.Debug|Any CPU.Build.0 = Debug|Any CPU
		{AF044294-C92D-0A60-234B-D1B24676ABEA}.Release|Any CPU.ActiveCfg = Release|Any CPU
		{AF044294-C92D-0A60-234B-D1B24676ABEA}.Release|Any CPU.Build.0 = Release|Any CPU
	EndGlobalSection
	GlobalSection(SolutionProperties) = preSolution
		HideSolutionNode = FALSE
	EndGlobalSection
	GlobalSection(ExtensibilityGlobals) = postSolution
		SolutionGuid = {FF9C6770-3C39-4848-97E4-ED2185BFE2E4}
	EndGlobalSection
EndGlobal
